lockfileVersion: '9.0'

settings:
  autoInstallPeers: true
  excludeLinksFromLockfile: false

importers:

  .:
    dependencies:
      node-appwrite:
        specifier: ^20.2.1
        version: 20.3.0
    devDependencies:
      prettier:
        specifier: ^3.2.5
        version: 3.8.0

packages:

  node-appwrite@20.3.0:
    resolution: {integrity: sha512-vaxlpkNTtjkccyngwc9HRSwQQasZ/CJri6KMZ62mlDAM1YdvOgqIM8EYJwvhx/fiHdyjfxithFcmnvzUR9TGTQ==}

  node-fetch-native-with-agent@1.7.2:
    resolution: {integrity: sha512-5MaOOCuJEvcckoz7/tjdx1M6OusOY6Xc5f459IaruGStWnKzlI1qpNgaAwmn4LmFYcsSlj+jBMk84wmmRxfk5g==}

  prettier@3.8.0:
    resolution: {integrity: sha512-yEPsovQfpxYfgWNhCfECjG5AQaO+K3dp6XERmOepyPDVqcJm+bjyCVO3pmU+nAPe0N5dDvekfGezt/EIiRe1TA==}
    engines: {node: '>=14'}
    hasBin: true

snapshots:

  node-appwrite@20.3.0:
    dependencies:
      node-fetch-native-with-agent: 1.7.2

  node-fetch-native-with-agent@1.7.2: {}

  prettier@3.8.0: {}
